// !$*UTF8*$!
{
	archiveVersion = 1;
	classes = {
	};
	objectVersion = 46;
	objects = {

/* Begin PBXBuildFile section */
		ED2348941C3D6499007D841D /* main.m in Sources */ = {isa = PBXBuildFile; fileRef = ED2348931C3D6499007D841D /* main.m */; };
		ED2348971C3D6499007D841D /* AppDelegate.m in Sources */ = {isa = PBXBuildFile; fileRef = ED2348961C3D6499007D841D /* AppDelegate.m */; };
		ED23489A1C3D6499007D841D /* ViewController.m in Sources */ = {isa = PBXBuildFile; fileRef = ED2348991C3D6499007D841D /* ViewController.m */; };
		ED23489D1C3D6499007D841D /* Main.storyboard in Resources */ = {isa = PBXBuildFile; fileRef = ED23489B1C3D6499007D841D /* Main.storyboard */; };
		ED23489F1C3D6499007D841D /* Assets.xcassets in Resources */ = {isa = PBXBuildFile; fileRef = ED23489E1C3D6499007D841D /* Assets.xcassets */; };
		ED2348A21C3D6499007D841D /* LaunchScreen.storyboard in Resources */ = {isa = PBXBuildFile; fileRef = ED2348A01C3D6499007D841D /* LaunchScreen.storyboard */; };
		ED2348AD1C3D649A007D841D /* RainyMoodTests.m in Sources */ = {isa = PBXBuildFile; fileRef = ED2348AC1C3D649A007D841D /* RainyMoodTests.m */; };
		ED2348C21C3D64DF007D841D /* intro.m4a in Resources */ = {isa = PBXBuildFile; fileRef = ED2348B91C3D64DF007D841D /* intro.m4a */; };
		ED2348C31C3D64DF007D841D /* rain1.m4a in Resources */ = {isa = PBXBuildFile; fileRef = ED2348BA1C3D64DF007D841D /* rain1.m4a */; };
		ED2348C41C3D64DF007D841D /* rain2.m4a in Resources */ = {isa = PBXBuildFile; fileRef = ED2348BB1C3D64DF007D841D /* rain2.m4a */; };
		ED2348C51C3D64DF007D841D /* rain3.m4a in Resources */ = {isa = PBXBuildFile; fileRef = ED2348BC1C3D64DF007D841D /* rain3.m4a */; };
		ED2348C61C3D64DF007D841D /* rain4.m4a in Resources */ = {isa = PBXBuildFile; fileRef = ED2348BD1C3D64DF007D841D /* rain4.m4a */; };
		ED2348C71C3D64DF007D841D /* rain5.m4a in Resources */ = {isa = PBXBuildFile; fileRef = ED2348BE1C3D64DF007D841D /* rain5.m4a */; };
		ED2348C81C3D64DF007D841D /* rain6.m4a in Resources */ = {isa = PBXBuildFile; fileRef = ED2348BF1C3D64DF007D841D /* rain6.m4a */; };
		ED2348C91C3D64DF007D841D /* rain7.m4a in Resources */ = {isa = PBXBuildFile; fileRef = ED2348C01C3D64DF007D841D /* rain7.m4a */; };
		ED2348CA1C3D64DF007D841D /* thunder.m4a in Resources */ = {isa = PBXBuildFile; fileRef = ED2348C11C3D64DF007D841D /* thunder.m4a */; };
		ED2348CC1C3D6500007D841D /* rain1.mp4 in Resources */ = {isa = PBXBuildFile; fileRef = ED2348CB1C3D6500007D841D /* rain1.mp4 */; };
		ED2348CE1C3D6575007D841D /* AVFoundation.framework in Frameworks */ = {isa = PBXBuildFile; fileRef = ED2348CD1C3D6575007D841D /* AVFoundation.framework */; };
		ED4CC9051C4552E90024832C /* PopupWindowView.m in Sources */ = {isa = PBXBuildFile; fileRef = ED4CC9041C4552E90024832C /* PopupWindowView.m */; };
		ED4CC9241C455DB20024832C /* MASCompositeConstraint.m in Sources */ = {isa = PBXBuildFile; fileRef = ED4CC90C1C455DB20024832C /* MASCompositeConstraint.m */; };
		ED4CC9251C455DB20024832C /* MASConstraint.m in Sources */ = {isa = PBXBuildFile; fileRef = ED4CC90E1C455DB20024832C /* MASConstraint.m */; };
		ED4CC9261C455DB20024832C /* MASConstraintMaker.m in Sources */ = {isa = PBXBuildFile; fileRef = ED4CC9111C455DB20024832C /* MASConstraintMaker.m */; };
		ED4CC9271C455DB20024832C /* MASLayoutConstraint.m in Sources */ = {isa = PBXBuildFile; fileRef = ED4CC9131C455DB20024832C /* MASLayoutConstraint.m */; };
		ED4CC9281C455DB20024832C /* MASViewAttribute.m in Sources */ = {isa = PBXBuildFile; fileRef = ED4CC9171C455DB20024832C /* MASViewAttribute.m */; };
		ED4CC9291C455DB20024832C /* MASViewConstraint.m in Sources */ = {isa = PBXBuildFile; fileRef = ED4CC9191C455DB20024832C /* MASViewConstraint.m */; };
		ED4CC92A1C455DB20024832C /* NSArray+MASAdditions.m in Sources */ = {isa = PBXBuildFile; fileRef = ED4CC91B1C455DB20024832C /* NSArray+MASAdditions.m */; };
		ED4CC92B1C455DB20024832C /* NSLayoutConstraint+MASDebugAdditions.m in Sources */ = {isa = PBXBuildFile; fileRef = ED4CC91E1C455DB20024832C /* NSLayoutConstraint+MASDebugAdditions.m */; };
		ED4CC92C1C455DB20024832C /* View+MASAdditions.m in Sources */ = {isa = PBXBuildFile; fileRef = ED4CC9201C455DB20024832C /* View+MASAdditions.m */; };
		ED4CC92D1C455DB20024832C /* ViewController+MASAdditions.m in Sources */ = {isa = PBXBuildFile; fileRef = ED4CC9231C455DB20024832C /* ViewController+MASAdditions.m */; };
		ED8461321C477C0900AD9A8E /* AudioToolbox.framework in Frameworks */ = {isa = PBXBuildFile; fileRef = ED8461311C477C0900AD9A8E /* AudioToolbox.framework */; };
/* End PBXBuildFile section */

/* Begin PBXContainerItemProxy section */
		ED2348A91C3D6499007D841D /* PBXContainerItemProxy */ = {
			isa = PBXContainerItemProxy;
			containerPortal = ED2348871C3D6499007D841D /* Project object */;
			proxyType = 1;
			remoteGlobalIDString = ED23488E1C3D6499007D841D;
			remoteInfo = RainyMood;
		};
/* End PBXContainerItemProxy section */

/* Begin PBXFileReference section */
		ED23488F1C3D6499007D841D /* RainyMood.app */ = {isa = PBXFileReference; explicitFileType = wrapper.application; includeInIndex = 0; path = RainyMood.app; sourceTree = BUILT_PRODUCTS_DIR; };
		ED2348931C3D6499007D841D /* main.m */ = {isa = PBXFileReference; lastKnownFileType = sourcecode.c.objc; path = main.m; sourceTree = "<group>"; };
		ED2348951C3D6499007D841D /* AppDelegate.h */ = {isa = PBXFileReference; lastKnownFileType = sourcecode.c.h; path = AppDelegate.h; sourceTree = "<group>"; };
		ED2348961C3D6499007D841D /* AppDelegate.m */ = {isa = PBXFileReference; lastKnownFileType = sourcecode.c.objc; path = AppDelegate.m; sourceTree = "<group>"; };
		ED2348981C3D6499007D841D /* ViewController.h */ = {isa = PBXFileReference; lastKnownFileType = sourcecode.c.h; path = ViewController.h; sourceTree = "<group>"; };
		ED2348991C3D6499007D841D /* ViewController.m */ = {isa = PBXFileReference; lastKnownFileType = sourcecode.c.objc; path = ViewController.m; sourceTree = "<group>"; };
		ED23489C1C3D6499007D841D /* Base */ = {isa = PBXFileReference; lastKnownFileType = file.storyboard; name = Base; path = Base.lproj/Main.storyboard; sourceTree = "<group>"; };
		ED23489E1C3D6499007D841D /* Assets.xcassets */ = {isa = PBXFileReference; lastKnownFileType = folder.assetcatalog; path = Assets.xcassets; sourceTree = "<group>"; };
		ED2348A11C3D6499007D841D /* Base */ = {isa = PBXFileReference; lastKnownFileType = file.storyboard; name = Base; path = Base.lproj/LaunchScreen.storyboard; sourceTree = "<group>"; };
		ED2348A31C3D6499007D841D /* Info.plist */ = {isa = PBXFileReference; lastKnownFileType = text.plist.xml; path = Info.plist; sourceTree = "<group>"; };
		ED2348A81C3D6499007D841D /* RainyMoodTests.xctest */ = {isa = PBXFileReference; explicitFileType = wrapper.cfbundle; includeInIndex = 0; path = RainyMoodTests.xctest; sourceTree = BUILT_PRODUCTS_DIR; };
		ED2348AC1C3D649A007D841D /* RainyMoodTests.m */ = {isa = PBXFileReference; lastKnownFileType = sourcecode.c.objc; path = RainyMoodTests.m; sourceTree = "<group>"; };
		ED2348AE1C3D649A007D841D /* Info.plist */ = {isa = PBXFileReference; lastKnownFileType = text.plist.xml; path = Info.plist; sourceTree = "<group>"; };
		ED2348B91C3D64DF007D841D /* intro.m4a */ = {isa = PBXFileReference; lastKnownFileType = file; path = intro.m4a; sourceTree = "<group>"; };
		ED2348BA1C3D64DF007D841D /* rain1.m4a */ = {isa = PBXFileReference; lastKnownFileType = file; path = rain1.m4a; sourceTree = "<group>"; };
		ED2348BB1C3D64DF007D841D /* rain2.m4a */ = {isa = PBXFileReference; lastKnownFileType = file; path = rain2.m4a; sourceTree = "<group>"; };
		ED2348BC1C3D64DF007D841D /* rain3.m4a */ = {isa = PBXFileReference; lastKnownFileType = file; path = rain3.m4a; sourceTree = "<group>"; };
		ED2348BD1C3D64DF007D841D /* rain4.m4a */ = {isa = PBXFileReference; lastKnownFileType = file; path = rain4.m4a; sourceTree = "<group>"; };
		ED2348BE1C3D64DF007D841D /* rain5.m4a */ = {isa = PBXFileReference; lastKnownFileType = file; path = rain5.m4a; sourceTree = "<group>"; };
		ED2348BF1C3D64DF007D841D /* rain6.m4a */ = {isa = PBXFileReference; lastKnownFileType = file; path = rain6.m4a; sourceTree = "<group>"; };
		ED2348C01C3D64DF007D841D /* rain7.m4a */ = {isa = PBXFileReference; lastKnownFileType = file; path = rain7.m4a; sourceTree = "<group>"; };
		ED2348C11C3D64DF007D841D /* thunder.m4a */ = {isa = PBXFileReference; lastKnownFileType = file; path = thunder.m4a; sourceTree = "<group>"; };
		ED2348CB1C3D6500007D841D /* rain1.mp4 */ = {isa = PBXFileReference; lastKnownFileType = file; path = rain1.mp4; sourceTree = "<group>"; };
		ED2348CD1C3D6575007D841D /* AVFoundation.framework */ = {isa = PBXFileReference; lastKnownFileType = wrapper.framework; name = AVFoundation.framework; path = System/Library/Frameworks/AVFoundation.framework; sourceTree = SDKROOT; };
		ED4CC9031C4552E90024832C /* PopupWindowView.h */ = {isa = PBXFileReference; fileEncoding = 4; lastKnownFileType = sourcecode.c.h; path = PopupWindowView.h; sourceTree = "<group>"; };
		ED4CC9041C4552E90024832C /* PopupWindowView.m */ = {isa = PBXFileReference; fileEncoding = 4; lastKnownFileType = sourcecode.c.objc; path = PopupWindowView.m; sourceTree = "<group>"; };
		ED4CC90B1C455DB10024832C /* MASCompositeConstraint.h */ = {isa = PBXFileReference; fileEncoding = 4; lastKnownFileType = sourcecode.c.h; name = MASCompositeConstraint.h; path = Library/Masonry/MASCompositeConstraint.h; sourceTree = "<group>"; };
		ED4CC90C1C455DB20024832C /* MASCompositeConstraint.m */ = {isa = PBXFileReference; fileEncoding = 4; lastKnownFileType = sourcecode.c.objc; name = MASCompositeConstraint.m; path = Library/Masonry/MASCompositeConstraint.m; sourceTree = "<group>"; };
		ED4CC90D1C455DB20024832C /* MASConstraint.h */ = {isa = PBXFileReference; fileEncoding = 4; lastKnownFileType = sourcecode.c.h; name = MASConstraint.h; path = Library/Masonry/MASConstraint.h; sourceTree = "<group>"; };
		ED4CC90E1C455DB20024832C /* MASConstraint.m */ = {isa = PBXFileReference; fileEncoding = 4; lastKnownFileType = sourcecode.c.objc; name = MASConstraint.m; path = Library/Masonry/MASConstraint.m; sourceTree = "<group>"; };
		ED4CC90F1C455DB20024832C /* MASConstraint+Private.h */ = {isa = PBXFileReference; fileEncoding = 4; lastKnownFileType = sourcecode.c.h; name = "MASConstraint+Private.h"; path = "Library/Masonry/MASConstraint+Private.h"; sourceTree = "<group>"; };
		ED4CC9101C455DB20024832C /* MASConstraintMaker.h */ = {isa = PBXFileReference; fileEncoding = 4; lastKnownFileType = sourcecode.c.h; name = MASConstraintMaker.h; path = Library/Masonry/MASConstraintMaker.h; sourceTree = "<group>"; };
		ED4CC9111C455DB20024832C /* MASConstraintMaker.m */ = {isa = PBXFileReference; fileEncoding = 4; lastKnownFileType = sourcecode.c.objc; name = MASConstraintMaker.m; path = Library/Masonry/MASConstraintMaker.m; sourceTree = "<group>"; };
		ED4CC9121C455DB20024832C /* MASLayoutConstraint.h */ = {isa = PBXFileReference; fileEncoding = 4; lastKnownFileType = sourcecode.c.h; name = MASLayoutConstraint.h; path = Library/Masonry/MASLayoutConstraint.h; sourceTree = "<group>"; };
		ED4CC9131C455DB20024832C /* MASLayoutConstraint.m */ = {isa = PBXFileReference; fileEncoding = 4; lastKnownFileType = sourcecode.c.objc; name = MASLayoutConstraint.m; path = Library/Masonry/MASLayoutConstraint.m; sourceTree = "<group>"; };
		ED4CC9141C455DB20024832C /* Masonry.h */ = {isa = PBXFileReference; fileEncoding = 4; lastKnownFileType = sourcecode.c.h; name = Masonry.h; path = Library/Masonry/Masonry.h; sourceTree = "<group>"; };
		ED4CC9151C455DB20024832C /* MASUtilities.h */ = {isa = PBXFileReference; fileEncoding = 4; lastKnownFileType = sourcecode.c.h; name = MASUtilities.h; path = Library/Masonry/MASUtilities.h; sourceTree = "<group>"; };
		ED4CC9161C455DB20024832C /* MASViewAttribute.h */ = {isa = PBXFileReference; fileEncoding = 4; lastKnownFileType = sourcecode.c.h; name = MASViewAttribute.h; path = Library/Masonry/MASViewAttribute.h; sourceTree = "<group>"; };
		ED4CC9171C455DB20024832C /* MASViewAttribute.m */ = {isa = PBXFileReference; fileEncoding = 4; lastKnownFileType = sourcecode.c.objc; name = MASViewAttribute.m; path = Library/Masonry/MASViewAttribute.m; sourceTree = "<group>"; };
		ED4CC9181C455DB20024832C /* MASViewConstraint.h */ = {isa = PBXFileReference; fileEncoding = 4; lastKnownFileType = sourcecode.c.h; name = MASViewConstraint.h; path = Library/Masonry/MASViewConstraint.h; sourceTree = "<group>"; };
		ED4CC9191C455DB20024832C /* MASViewConstraint.m */ = {isa = PBXFileReference; fileEncoding = 4; lastKnownFileType = sourcecode.c.objc; name = MASViewConstraint.m; path = Library/Masonry/MASViewConstraint.m; sourceTree = "<group>"; };
		ED4CC91A1C455DB20024832C /* NSArray+MASAdditions.h */ = {isa = PBXFileReference; fileEncoding = 4; lastKnownFileType = sourcecode.c.h; name = "NSArray+MASAdditions.h"; path = "Library/Masonry/NSArray+MASAdditions.h"; sourceTree = "<group>"; };
		ED4CC91B1C455DB20024832C /* NSArray+MASAdditions.m */ = {isa = PBXFileReference; fileEncoding = 4; lastKnownFileType = sourcecode.c.objc; name = "NSArray+MASAdditions.m"; path = "Library/Masonry/NSArray+MASAdditions.m"; sourceTree = "<group>"; };
		ED4CC91C1C455DB20024832C /* NSArray+MASShorthandAdditions.h */ = {isa = PBXFileReference; fileEncoding = 4; lastKnownFileType = sourcecode.c.h; name = "NSArray+MASShorthandAdditions.h"; path = "Library/Masonry/NSArray+MASShorthandAdditions.h"; sourceTree = "<group>"; };
		ED4CC91D1C455DB20024832C /* NSLayoutConstraint+MASDebugAdditions.h */ = {isa = PBXFileReference; fileEncoding = 4; lastKnownFileType = sourcecode.c.h; name = "NSLayoutConstraint+MASDebugAdditions.h"; path = "Library/Masonry/NSLayoutConstraint+MASDebugAdditions.h"; sourceTree = "<group>"; };
		ED4CC91E1C455DB20024832C /* NSLayoutConstraint+MASDebugAdditions.m */ = {isa = PBXFileReference; fileEncoding = 4; lastKnownFileType = sourcecode.c.objc; name = "NSLayoutConstraint+MASDebugAdditions.m"; path = "Library/Masonry/NSLayoutConstraint+MASDebugAdditions.m"; sourceTree = "<group>"; };
		ED4CC91F1C455DB20024832C /* View+MASAdditions.h */ = {isa = PBXFileReference; fileEncoding = 4; lastKnownFileType = sourcecode.c.h; name = "View+MASAdditions.h"; path = "Library/Masonry/View+MASAdditions.h"; sourceTree = "<group>"; };
		ED4CC9201C455DB20024832C /* View+MASAdditions.m */ = {isa = PBXFileReference; fileEncoding = 4; lastKnownFileType = sourcecode.c.objc; name = "View+MASAdditions.m"; path = "Library/Masonry/View+MASAdditions.m"; sourceTree = "<group>"; };
		ED4CC9211C455DB20024832C /* View+MASShorthandAdditions.h */ = {isa = PBXFileReference; fileEncoding = 4; lastKnownFileType = sourcecode.c.h; name = "View+MASShorthandAdditions.h"; path = "Library/Masonry/View+MASShorthandAdditions.h"; sourceTree = "<group>"; };
		ED4CC9221C455DB20024832C /* ViewController+MASAdditions.h */ = {isa = PBXFileReference; fileEncoding = 4; lastKnownFileType = sourcecode.c.h; name = "ViewController+MASAdditions.h"; path = "Library/Masonry/ViewController+MASAdditions.h"; sourceTree = "<group>"; };
		ED4CC9231C455DB20024832C /* ViewController+MASAdditions.m */ = {isa = PBXFileReference; fileEncoding = 4; lastKnownFileType = sourcecode.c.objc; name = "ViewController+MASAdditions.m"; path = "Library/Masonry/ViewController+MASAdditions.m"; sourceTree = "<group>"; };
		ED4CC92E1C455E060024832C /* RainyMood-Prefix.pch */ = {isa = PBXFileReference; fileEncoding = 4; lastKnownFileType = sourcecode.c.h; path = "RainyMood-Prefix.pch"; sourceTree = "<group>"; };
		ED8461311C477C0900AD9A8E /* AudioToolbox.framework */ = {isa = PBXFileReference; lastKnownFileType = wrapper.framework; name = AudioToolbox.framework; path = System/Library/Frameworks/AudioToolbox.framework; sourceTree = SDKROOT; };
/* End PBXFileReference section */

/* Begin PBXFrameworksBuildPhase section */
		ED23488C1C3D6499007D841D /* Frameworks */ = {
			isa = PBXFrameworksBuildPhase;
			buildActionMask = 2147483647;
			files = (
				ED8461321C477C0900AD9A8E /* AudioToolbox.framework in Frameworks */,
				ED2348CE1C3D6575007D841D /* AVFoundation.framework in Frameworks */,
			);
			runOnlyForDeploymentPostprocessing = 0;
		};
		ED2348A51C3D6499007D841D /* Frameworks */ = {
			isa = PBXFrameworksBuildPhase;
			buildActionMask = 2147483647;
			files = (
			);
			runOnlyForDeploymentPostprocessing = 0;
		};
/* End PBXFrameworksBuildPhase section */

/* Begin PBXGroup section */
		ED2348861C3D6499007D841D = {
			isa = PBXGroup;
			children = (
				ED8461311C477C0900AD9A8E /* AudioToolbox.framework */,
				ED2348CD1C3D6575007D841D /* AVFoundation.framework */,
				ED2348911C3D6499007D841D /* RainyMood */,
				ED2348AB1C3D649A007D841D /* RainyMoodTests */,
				ED2348901C3D6499007D841D /* Products */,
			);
			sourceTree = "<group>";
		};
		ED2348901C3D6499007D841D /* Products */ = {
			isa = PBXGroup;
			children = (
				ED23488F1C3D6499007D841D /* RainyMood.app */,
				ED2348A81C3D6499007D841D /* RainyMoodTests.xctest */,
			);
			name = Products;
			sourceTree = "<group>";
		};
		ED2348911C3D6499007D841D /* RainyMood */ = {
			isa = PBXGroup;
			children = (
				ED4CC9091C455CD30024832C /* Library */,
				ED2348B71C3D64A9007D841D /* Audio */,
				ED2348951C3D6499007D841D /* AppDelegate.h */,
				ED2348961C3D6499007D841D /* AppDelegate.m */,
				ED2348981C3D6499007D841D /* ViewController.h */,
				ED2348991C3D6499007D841D /* ViewController.m */,
				ED4CC9031C4552E90024832C /* PopupWindowView.h */,
				ED4CC9041C4552E90024832C /* PopupWindowView.m */,
				ED23489B1C3D6499007D841D /* Main.storyboard */,
				ED23489E1C3D6499007D841D /* Assets.xcassets */,
				ED2348A01C3D6499007D841D /* LaunchScreen.storyboard */,
				ED2348921C3D6499007D841D /* Supporting Files */,
			);
			path = RainyMood;
			sourceTree = "<group>";
		};
		ED2348921C3D6499007D841D /* Supporting Files */ = {
			isa = PBXGroup;
			children = (
				ED2348A31C3D6499007D841D /* Info.plist */,
				ED2348931C3D6499007D841D /* main.m */,
				ED4CC92E1C455E060024832C /* RainyMood-Prefix.pch */,
			);
			name = "Supporting Files";
			sourceTree = "<group>";
		};
		ED2348AB1C3D649A007D841D /* RainyMoodTests */ = {
			isa = PBXGroup;
			children = (
				ED2348AC1C3D649A007D841D /* RainyMoodTests.m */,
				ED2348AE1C3D649A007D841D /* Info.plist */,
			);
			path = RainyMoodTests;
			sourceTree = "<group>";
		};
		ED2348B71C3D64A9007D841D /* Audio */ = {
			isa = PBXGroup;
			children = (
				ED2348CB1C3D6500007D841D /* rain1.mp4 */,
				ED2348B91C3D64DF007D841D /* intro.m4a */,
				ED2348BA1C3D64DF007D841D /* rain1.m4a */,
				ED2348BB1C3D64DF007D841D /* rain2.m4a */,
				ED2348BC1C3D64DF007D841D /* rain3.m4a */,
				ED2348BD1C3D64DF007D841D /* rain4.m4a */,
				ED2348BE1C3D64DF007D841D /* rain5.m4a */,
				ED2348BF1C3D64DF007D841D /* rain6.m4a */,
				ED2348C01C3D64DF007D841D /* rain7.m4a */,
				ED2348C11C3D64DF007D841D /* thunder.m4a */,
			);
			name = Audio;
			sourceTree = "<group>";
		};
		ED4CC9091C455CD30024832C /* Library */ = {
			isa = PBXGroup;
			children = (
				ED4CC90A1C455D530024832C /* Masonry */,
			);
			name = Library;
			sourceTree = "<group>";
		};
		ED4CC90A1C455D530024832C /* Masonry */ = {
			isa = PBXGroup;
			children = (
				ED4CC90B1C455DB10024832C /* MASCompositeConstraint.h */,
				ED4CC90C1C455DB20024832C /* MASCompositeConstraint.m */,
				ED4CC90D1C455DB20024832C /* MASConstraint.h */,
				ED4CC90E1C455DB20024832C /* MASConstraint.m */,
				ED4CC90F1C455DB20024832C /* MASConstraint+Private.h */,
				ED4CC9101C455DB20024832C /* MASConstraintMaker.h */,
				ED4CC9111C455DB20024832C /* MASConstraintMaker.m */,
				ED4CC9121C455DB20024832C /* MASLayoutConstraint.h */,
				ED4CC9131C455DB20024832C /* MASLayoutConstraint.m */,
				ED4CC9141C455DB20024832C /* Masonry.h */,
				ED4CC9151C455DB20024832C /* MASUtilities.h */,
				ED4CC9161C455DB20024832C /* MASViewAttribute.h */,
				ED4CC9171C455DB20024832C /* MASViewAttribute.m */,
				ED4CC9181C455DB20024832C /* MASViewConstraint.h */,
				ED4CC9191C455DB20024832C /* MASViewConstraint.m */,
				ED4CC91A1C455DB20024832C /* NSArray+MASAdditions.h */,
				ED4CC91B1C455DB20024832C /* NSArray+MASAdditions.m */,
				ED4CC91C1C455DB20024832C /* NSArray+MASShorthandAdditions.h */,
				ED4CC91D1C455DB20024832C /* NSLayoutConstraint+MASDebugAdditions.h */,
				ED4CC91E1C455DB20024832C /* NSLayoutConstraint+MASDebugAdditions.m */,
				ED4CC91F1C455DB20024832C /* View+MASAdditions.h */,
				ED4CC9201C455DB20024832C /* View+MASAdditions.m */,
				ED4CC9211C455DB20024832C /* View+MASShorthandAdditions.h */,
				ED4CC9221C455DB20024832C /* ViewController+MASAdditions.h */,
				ED4CC9231C455DB20024832C /* ViewController+MASAdditions.m */,
			);
			name = Masonry;
			sourceTree = "<group>";
		};
/* End PBXGroup section */

/* Begin PBXNativeTarget section */
		ED23488E1C3D6499007D841D /* RainyMood */ = {
			isa = PBXNativeTarget;
			buildConfigurationList = ED2348B11C3D649A007D841D /* Build configuration list for PBXNativeTarget "RainyMood" */;
			buildPhases = (
				ED23488B1C3D6499007D841D /* Sources */,
				ED23488C1C3D6499007D841D /* Frameworks */,
				ED23488D1C3D6499007D841D /* Resources */,
			);
			buildRules = (
			);
			dependencies = (
			);
			name = RainyMood;
			productName = RainyMood;
			productReference = ED23488F1C3D6499007D841D /* RainyMood.app */;
			productType = "com.apple.product-type.application";
		};
		ED2348A71C3D6499007D841D /* RainyMoodTests */ = {
			isa = PBXNativeTarget;
			buildConfigurationList = ED2348B41C3D649A007D841D /* Build configuration list for PBXNativeTarget "RainyMoodTests" */;
			buildPhases = (
				ED2348A41C3D6499007D841D /* Sources */,
				ED2348A51C3D6499007D841D /* Frameworks */,
				ED2348A61C3D6499007D841D /* Resources */,
			);
			buildRules = (
			);
			dependencies = (
				ED2348AA1C3D6499007D841D /* PBXTargetDependency */,
			);
			name = RainyMoodTests;
			productName = RainyMoodTests;
			productReference = ED2348A81C3D6499007D841D /* RainyMoodTests.xctest */;
			productType = "com.apple.product-type.bundle.unit-test";
		};
/* End PBXNativeTarget section */

/* Begin PBXProject section */
		ED2348871C3D6499007D841D /* Project object */ = {
			isa = PBXProject;
			attributes = {
				LastUpgradeCheck = 0720;
				ORGANIZATIONNAME = RaulStudio;
				TargetAttributes = {
					ED23488E1C3D6499007D841D = {
						CreatedOnToolsVersion = 7.2;
						SystemCapabilities = {
							com.apple.BackgroundModes = {
								enabled = 1;
							};
						};
					};
					ED2348A71C3D6499007D841D = {
						CreatedOnToolsVersion = 7.2;
						TestTargetID = ED23488E1C3D6499007D841D;
					};
				};
			};
			buildConfigurationList = ED23488A1C3D6499007D841D /* Build configuration list for PBXProject "RainyMood" */;
			compatibilityVersion = "Xcode 3.2";
			developmentRegion = English;
			hasScannedForEncodings = 0;
			knownRegions = (
				en,
				Base,
			);
			mainGroup = ED2348861C3D6499007D841D;
			productRefGroup = ED2348901C3D6499007D841D /* Products */;
			projectDirPath = "";
			projectRoot = "";
			targets = (
				ED23488E1C3D6499007D841D /* RainyMood */,
				ED2348A71C3D6499007D841D /* RainyMoodTests */,
			);
		};
/* End PBXProject section */

/* Begin PBXResourcesBuildPhase section */
		ED23488D1C3D6499007D841D /* Resources */ = {
			isa = PBXResourcesBuildPhase;
			buildActionMask = 2147483647;
			files = (
				ED2348A21C3D6499007D841D /* LaunchScreen.storyboard in Resources */,
				ED2348C71C3D64DF007D841D /* rain5.m4a in Resources */,
				ED2348C41C3D64DF007D841D /* rain2.m4a in Resources */,
				ED2348C81C3D64DF007D841D /* rain6.m4a in Resources */,
				ED2348C91C3D64DF007D841D /* rain7.m4a in Resources */,
				ED2348CA1C3D64DF007D841D /* thunder.m4a in Resources */,
				ED2348C21C3D64DF007D841D /* intro.m4a in Resources */,
				ED2348CC1C3D6500007D841D /* rain1.mp4 in Resources */,
				ED23489F1C3D6499007D841D /* Assets.xcassets in Resources */,
				ED2348C31C3D64DF007D841D /* rain1.m4a in Resources */,
				ED2348C51C3D64DF007D841D /* rain3.m4a in Resources */,
				ED23489D1C3D6499007D841D /* Main.storyboard in Resources */,
				ED2348C61C3D64DF007D841D /* rain4.m4a in Resources */,
			);
			runOnlyForDeploymentPostprocessing = 0;
		};
		ED2348A61C3D6499007D841D /* Resources */ = {
			isa = PBXResourcesBuildPhase;
			buildActionMask = 2147483647;
			files = (
			);
			runOnlyForDeploymentPostprocessing = 0;
		};
/* End PBXResourcesBuildPhase section */

/* Begin PBXSourcesBuildPhase section */
		ED23488B1C3D6499007D841D /* Sources */ = {
			isa = PBXSourcesBuildPhase;
			buildActionMask = 2147483647;
			files = (
				ED4CC9261C455DB20024832C /* MASConstraintMaker.m in Sources */,
				ED23489A1C3D6499007D841D /* ViewController.m in Sources */,
				ED2348971C3D6499007D841D /* AppDelegate.m in Sources */,
				ED4CC9251C455DB20024832C /* MASConstraint.m in Sources */,
				ED4CC92D1C455DB20024832C /* ViewController+MASAdditions.m in Sources */,
				ED4CC9271C455DB20024832C /* MASLayoutConstraint.m in Sources */,
				ED4CC92A1C455DB20024832C /* NSArray+MASAdditions.m in Sources */,
				ED4CC9291C455DB20024832C /* MASViewConstraint.m in Sources */,
				ED4CC9281C455DB20024832C /* MASViewAttribute.m in Sources */,
				ED4CC92C1C455DB20024832C /* View+MASAdditions.m in Sources */,
				ED2348941C3D6499007D841D /* main.m in Sources */,
				ED4CC9051C4552E90024832C /* PopupWindowView.m in Sources */,
				ED4CC9241C455DB20024832C /* MASCompositeConstraint.m in Sources */,
				ED4CC92B1C455DB20024832C /* NSLayoutConstraint+MASDebugAdditions.m in Sources */,
			);
			runOnlyForDeploymentPostprocessing = 0;
		};
		ED2348A41C3D6499007D841D /* Sources */ = {
			isa = PBXSourcesBuildPhase;
			buildActionMask = 2147483647;
			files = (
				ED2348AD1C3D649A007D841D /* RainyMoodTests.m in Sources */,
			);
			runOnlyForDeploymentPostprocessing = 0;
		};
/* End PBXSourcesBuildPhase section */

/* Begin PBXTargetDependency section */
		ED2348AA1C3D6499007D841D /* PBXTargetDependency */ = {
			isa = PBXTargetDependency;
			target = ED23488E1C3D6499007D841D /* RainyMood */;
			targetProxy = ED2348A91C3D6499007D841D /* PBXContainerItemProxy */;
		};
/* End PBXTargetDependency section */

/* Begin PBXVariantGroup section */
		ED23489B1C3D6499007D841D /* Main.storyboard */ = {
			isa = PBXVariantGroup;
			children = (
				ED23489C1C3D6499007D841D /* Base */,
			);
			name = Main.storyboard;
			sourceTree = "<group>";
		};
		ED2348A01C3D6499007D841D /* LaunchScreen.storyboard */ = {
			isa = PBXVariantGroup;
			children = (
				ED2348A11C3D6499007D841D /* Base */,
			);
			name = LaunchScreen.storyboard;
			sourceTree = "<group>";
		};
/* End PBXVariantGroup section */

/* Begin XCBuildConfiguration section */
		ED2348AF1C3D649A007D841D /* Debug */ = {
			isa = XCBuildConfiguration;
			buildSettings = {
				ALWAYS_SEARCH_USER_PATHS = NO;
				CLANG_CXX_LANGUAGE_STANDARD = "gnu++0x";
				CLANG_CXX_LIBRARY = "libc++";
				CLANG_ENABLE_MODULES = YES;
				CLANG_ENABLE_OBJC_ARC = YES;
				CLANG_WARN_BOOL_CONVERSION = YES;
				CLANG_WARN_CONSTANT_CONVERSION = YES;
				CLANG_WARN_DIRECT_OBJC_ISA_USAGE = YES_ERROR;
				CLANG_WARN_EMPTY_BODY = YES;
				CLANG_WARN_ENUM_CONVERSION = YES;
				CLANG_WARN_INT_CONVERSION = YES;
				CLANG_WARN_OBJC_ROOT_CLASS = YES_ERROR;
				CLANG_WARN_UNREACHABLE_CODE = YES;
				CLANG_WARN__DUPLICATE_METHOD_MATCH = YES;
				"CODE_SIGN_IDENTITY[sdk=iphoneos*]" = "iPhone Developer";
				COPY_PHASE_STRIP = NO;
				DEBUG_INFORMATION_FORMAT = dwarf;
				ENABLE_STRICT_OBJC_MSGSEND = YES;
				ENABLE_TESTABILITY = YES;
				GCC_C_LANGUAGE_STANDARD = gnu99;
				GCC_DYNAMIC_NO_PIC = NO;
				GCC_NO_COMMON_BLOCKS = YES;
				GCC_OPTIMIZATION_LEVEL = 0;
				GCC_PREPROCESSOR_DEFINITIONS = (
					"DEBUG=1",
					"$(inherited)",
				);
				GCC_WARN_64_TO_32_BIT_CONVERSION = YES;
				GCC_WARN_ABOUT_RETURN_TYPE = YES_ERROR;
				GCC_WARN_UNDECLARED_SELECTOR = YES;
				GCC_WARN_UNINITIALIZED_AUTOS = YES_AGGRESSIVE;
				GCC_WARN_UNUSED_FUNCTION = YES;
				GCC_WARN_UNUSED_VARIABLE = YES;
				IPHONEOS_DEPLOYMENT_TARGET = 9.2;
				MTL_ENABLE_DEBUG_INFO = YES;
				ONLY_ACTIVE_ARCH = YES;
				SDKROOT = iphoneos;
				TARGETED_DEVICE_FAMILY = "1,2";
			};
			name = Debug;
		};
		ED2348B01C3D649A007D841D /* Release */ = {
			isa = XCBuildConfiguration;
			buildSettings = {
				ALWAYS_SEARCH_USER_PATHS = NO;
				CLANG_CXX_LANGUAGE_STANDARD = "gnu++0x";
				CLANG_CXX_LIBRARY = "libc++";
				CLANG_ENABLE_MODULES = YES;
				CLANG_ENABLE_OBJC_ARC = YES;
				CLANG_WARN_BOOL_CONVERSION = YES;
				CLANG_WARN_CONSTANT_CONVERSION = YES;
				CLANG_WARN_DIRECT_OBJC_ISA_USAGE = YES_ERROR;
				CLANG_WARN_EMPTY_BODY = YES;
				CLANG_WARN_ENUM_CONVERSION = YES;
				CLANG_WARN_INT_CONVERSION = YES;
				CLANG_WARN_OBJC_ROOT_CLASS = YES_ERROR;
				CLANG_WARN_UNREACHABLE_CODE = YES;
				CLANG_WARN__DUPLICATE_METHOD_MATCH = YES;
				"CODE_SIGN_IDENTITY[sdk=iphoneos*]" = "iPhone Developer";
				COPY_PHASE_STRIP = NO;
				DEBUG_INFORMATION_FORMAT = "dwarf-with-dsym";
				ENABLE_NS_ASSERTIONS = NO;
				ENABLE_STRICT_OBJC_MSGSEND = YES;
				GCC_C_LANGUAGE_STANDARD = gnu99;
				GCC_NO_COMMON_BLOCKS = YES;
				GCC_WARN_64_TO_32_BIT_CONVERSION = YES;
				GCC_WARN_ABOUT_RETURN_TYPE = YES_ERROR;
				GCC_WARN_UNDECLARED_SELECTOR = YES;
				GCC_WARN_UNINITIALIZED_AUTOS = YES_AGGRESSIVE;
				GCC_WARN_UNUSED_FUNCTION = YES;
				GCC_WARN_UNUSED_VARIABLE = YES;
				IPHONEOS_DEPLOYMENT_TARGET = 9.2;
				MTL_ENABLE_DEBUG_INFO = NO;
				SDKROOT = iphoneos;
				TARGETED_DEVICE_FAMILY = "1,2";
				VALIDATE_PRODUCT = YES;
			};
			name = Release;
		};
		ED2348B21C3D649A007D841D /* Debug */ = {
			isa = XCBuildConfiguration;
			buildSettings = {
				ASSETCATALOG_COMPILER_APPICON_NAME = AppIcon;
				GCC_PREFIX_HEADER = "RainyMood/RainyMood-Prefix.pch";
				INFOPLIST_FILE = RainyMood/Info.plist;
				IPHONEOS_DEPLOYMENT_TARGET = 8.0;
				LD_RUNPATH_SEARCH_PATHS = "$(inherited) @executable_path/Frameworks";
				PRODUCT_BUNDLE_IDENTIFIER = me.shage.RainyMood;
				PRODUCT_NAME = "$(TARGET_NAME)";
			};
			name = Debug;
		};
		ED2348B31C3D649A007D841D /* Release */ = {
			isa = XCBuildConfiguration;
			buildSettings = {
				ASSETCATALOG_COMPILER_APPICON_NAME = AppIcon;
				GCC_PREFIX_HEADER = "RainyMood/RainyMood-Prefix.pch";
				INFOPLIST_FILE = RainyMood/Info.plist;
				IPHONEOS_DEPLOYMENT_TARGET = 8.0;
				LD_RUNPATH_SEARCH_PATHS = "$(inherited) @executable_path/Frameworks";
				PRODUCT_BUNDLE_IDENTIFIER = me.shage.RainyMood;
				PRODUCT_NAME = "$(TARGET_NAME)";
			};
			name = Release;
		};
		ED2348B51C3D649A007D841D /* Debug */ = {
			isa = XCBuildConfiguration;
			buildSettings = {
				BUNDLE_LOADER = "$(TEST_HOST)";
				INFOPLIST_FILE = RainyMoodTests/Info.plist;
				LD_RUNPATH_SEARCH_PATHS = "$(inherited) @executable_path/Frameworks @loader_path/Frameworks";
				PRODUCT_BUNDLE_IDENTIFIER = me.shage.RainyMoodTests;
				PRODUCT_NAME = "$(TARGET_NAME)";
				TEST_HOST = "$(BUILT_PRODUCTS_DIR)/RainyMood.app/RainyMood";
			};
			name = Debug;
		};
		ED2348B61C3D649A007D841D /* Release */ = {
			isa = XCBuildConfiguration;
			buildSettings = {
				BUNDLE_LOADER = "$(TEST_HOST)";
				INFOPLIST_FILE = RainyMoodTests/Info.plist;
				LD_RUNPATH_SEARCH_PATHS = "$(inherited) @executable_path/Frameworks @loader_path/Frameworks";
				PRODUCT_BUNDLE_IDENTIFIER = me.shage.RainyMoodTests;
				PRODUCT_NAME = "$(TARGET_NAME)";
				TEST_HOST = "$(BUILT_PRODUCTS_DIR)/RainyMood.app/RainyMood";
			};
			name = Release;
		};
/* End XCBuildConfiguration section */

/* Begin XCConfigurationList section */
		ED23488A1C3D6499007D841D /* Build configuration list for PBXProject "RainyMood" */ = {
			isa = XCConfigurationList;
			buildConfigurations = (
				ED2348AF1C3D649A007D841D /* Debug */,
				ED2348B01C3D649A007D841D /* Release */,
			);
			defaultConfigurationIsVisible = 0;
			defaultConfigurationName = Release;
		};
		ED2348B11C3D649A007D841D /* Build configuration list for PBXNativeTarget "RainyMood" */ = {
			isa = XCConfigurationList;
			buildConfigurations = (
				ED2348B21C3D649A007D841D /* Debug */,
				ED2348B31C3D649A007D841D /* Release */,
			);
			defaultConfigurationIsVisible = 0;
			defaultConfigurationName = Release;
		};
		ED2348B41C3D649A007D841D /* Build configuration list for PBXNativeTarget "RainyMoodTests" */ = {
			isa = XCConfigurationList;
			buildConfigurations = (
				ED2348B51C3D649A007D841D /* Debug */,
				ED2348B61C3D649A007D841D /* Release */,
			);
			defaultConfigurationIsVisible = 0;
			defaultConfigurationName = Release;
		};
/* End XCConfigurationList section */
	};
	rootObject = ED2348871C3D6499007D841D /* Project object */;
}
